
Microsoft Visual Studio Solution File, Format Version 12.00
# Visual Studio Version 16
VisualStudioVersion = 16.0.30804.86
MinimumVisualStudioVersion = 10.0.40219.1
Project("{9A19103F-16F7-4668-BE54-9A1E7A4F7556}") = "SKSGroupF.SKS.Package.Services", "src\Services\SKSGroupF.SKS.Package.Services\SKSGroupF.SKS.Package.Services.csproj", "{F5552B0C-D9DA-466D-A033-ABA1CE0F6C41}"
EndProject
Project("{9A19103F-16F7-4668-BE54-9A1E7A4F7556}") = "SKSGroupF.SKS.Package.Services.Tests", "src\Services\SKSGroupF.SKS.Package.Services.Tests\SKSGroupF.SKS.Package.Services.Tests.csproj", "{BAFFA69F-E20C-4B56-BFF8-EE5FA0C4EC69}"
EndProject
Project("{9A19103F-16F7-4668-BE54-9A1E7A4F7556}") = "SKSGroupF.SKS.Package.Services.DTOs", "src\Services\SKSGroupF.SKS.Package.Services.DTOs\SKSGroupF.SKS.Package.Services.DTOs.csproj", "{CA6AE04B-2A4A-4186-8D53-8F715B1F596D}"
EndProject
Project("{9A19103F-16F7-4668-BE54-9A1E7A4F7556}") = "SKSGroupF.SKS.Package.Services.Interfaces", "src\Services\SKSGroupF.SKS.Package.Services.Interfaces\SKSGroupF.SKS.Package.Services.Interfaces.csproj", "{566DC28D-42A5-4757-802B-DF2B85A6D4AC}"
EndProject
Project("{9A19103F-16F7-4668-BE54-9A1E7A4F7556}") = "SKSGroupF.SKS.Package.BusinessLogic", "src\BusinessLogic\SKSGroupF.SKS.Package.BusinessLogic\SKSGroupF.SKS.Package.BusinessLogic.csproj", "{F915DA1E-2EA4-4DE4-846A-26E3B02B0E26}"
EndProject
Project("{9A19103F-16F7-4668-BE54-9A1E7A4F7556}") = "SKSGroupF.SKS.Package.BusinessLogic.Entities", "src\BusinessLogic\SKSGroupF.SKS.Package.BusinessLogic.Entities\SKSGroupF.SKS.Package.BusinessLogic.Entities.csproj", "{A942E8F6-C12E-4EB9-9C16-24F72044B6F8}"
EndProject
Project("{9A19103F-16F7-4668-BE54-9A1E7A4F7556}") = "SKSGroupF.SKS.Package.BusinessLogic.Interfaces", "src\BusinessLogic\SKSGroupF.SKS.Package.BusinessLogic.Interfaces\SKSGroupF.SKS.Package.BusinessLogic.Interfaces.csproj", "{22E37E9F-F46F-4DFE-A4E7-AF18C01CC092}"
EndProject
Project("{9A19103F-16F7-4668-BE54-9A1E7A4F7556}") = "SKSGroupF.SKS.Package.BusinessLogic.Tests", "src\BusinessLogic\SKSGroupF.SKS.Package.BusinessLogic.Tests\SKSGroupF.SKS.Package.BusinessLogic.Tests.csproj", "{5F95774B-C058-4FBF-B99E-8744D75EBD35}"
EndProject
Project("{2150E333-8FDC-42A3-9474-1A3956D46DE8}") = "Services", "Services", "{8DDCD2AF-E5B1-4FB2-B3D1-FB1F86EBD24D}"
EndProject
Project("{2150E333-8FDC-42A3-9474-1A3956D46DE8}") = "BusinessLogic", "BusinessLogic", "{53629DDB-AFC1-4332-AB26-C01D30095285}"
EndProject
Project("{2150E333-8FDC-42A3-9474-1A3956D46DE8}") = "DataAccess", "DataAccess", "{FCDB8024-582C-4971-B86B-FAA79E68191F}"
EndProject
Project("{9A19103F-16F7-4668-BE54-9A1E7A4F7556}") = "SKSGroupF.SKS.Package.DataAccess.Sql", "src\DataAccess\SKSGroupF.SKS.Package.DataAccess.Sql\SKSGroupF.SKS.Package.DataAccess.Sql.csproj", "{E1D00A01-2A00-46C0-88B4-DA2CA3516128}"
EndProject
Project("{9A19103F-16F7-4668-BE54-9A1E7A4F7556}") = "SKSGroupF.SKS.Package.DataAccess.Interfaces", "src\DataAccess\SKSGroupF.SKS.Package.DataAccess.Interfaces\SKSGroupF.SKS.Package.DataAccess.Interfaces.csproj", "{AF0BE1C8-3A76-49A7-B53E-7FFC1F72AE36}"
EndProject
Project("{9A19103F-16F7-4668-BE54-9A1E7A4F7556}") = "SKSGroupF.SKS.Package.DataAccess.Entities", "src\DataAccess\SKSGroupF.SKS.Package.DataAccess.Entities\SKSGroupF.SKS.Package.DataAccess.Entities.csproj", "{FD0B9371-BDC5-4EF9-BE66-03963084F431}"
EndProject
Project("{9A19103F-16F7-4668-BE54-9A1E7A4F7556}") = "SKSGroupF.SKS.Package.DataAccess.Tests", "src\DataAccess\SKSGroupF.SKS.Package.DataAccess.Tests\SKSGroupF.SKS.Package.DataAccess.Tests.csproj", "{6D156DF6-B24E-432B-937B-9BE268D7D9B0}"
EndProject
Project("{2150E333-8FDC-42A3-9474-1A3956D46DE8}") = "ServiceAgents", "ServiceAgents", "{E7638345-AD51-4E85-B022-599F410F3FC2}"
EndProject
Project("{9A19103F-16F7-4668-BE54-9A1E7A4F7556}") = "SKSGroupF.SKS.Package.ServiceAgents", "src\ServiceAgents\SKSGroupF.SKS.Package.ServiceAgents\SKSGroupF.SKS.Package.ServiceAgents.csproj", "{C858E52D-A600-4342-9877-4B6EB6DAAD30}"
EndProject
Project("{9A19103F-16F7-4668-BE54-9A1E7A4F7556}") = "SKSGroupF.SKS.Package.ServiceAgents.Interfaces", "src\ServiceAgents\SKSGroupF.SKS.Package.ServiceAgents.Interfaces\SKSGroupF.SKS.Package.ServiceAgents.Interfaces.csproj", "{D2DC3B66-3F2B-41A8-A5C7-8C385F3EB00A}"
EndProject
Project("{9A19103F-16F7-4668-BE54-9A1E7A4F7556}") = "SKSGroupF.SKS.Package.ServiceAgents.Tests", "src\ServiceAgents\SKSGroupF.SKS.Package.ServiceAgents.Tests\SKSGroupF.SKS.Package.ServiceAgents.Tests.csproj", "{C3FCF20B-2F9A-47A5-A5D8-0329C71B3A20}"
EndProject
Project("{9A19103F-16F7-4668-BE54-9A1E7A4F7556}") = "SKSGroupF.SKS.Package.ServiceAgents.Entities", "src\ServiceAgents\SKSGroupF.SKS.Package.ServiceAgents.Entities\SKSGroupF.SKS.Package.ServiceAgents.Entities.csproj", "{90186B8A-140B-4C8F-9DB1-7D5C2AF0E0B3}"
EndProject
Project("{2150E333-8FDC-42A3-9474-1A3956D46DE8}") = "Webhooks", "Webhooks", "{65CC5B0A-D776-4A15-B94E-58BA1FC3C112}"
EndProject
Project("{FAE04EC0-301F-11D3-BF4B-00C04F79EFBC}") = "SKSGroupF.SKS.Package.Webhooks", "src\Webhooks\SKSGroupF.SKS.Package.Webhooks\SKSGroupF.SKS.Package.Webhooks.csproj", "{4AE4CC8A-F2F0-4B3F-8334-DA67E603D4F5}"
EndProject
Project("{FAE04EC0-301F-11D3-BF4B-00C04F79EFBC}") = "SKSGroupF.SKS.Package.Webhooks.Interfaces", "src\Webhooks\SKSGroupF.SKS.Package.Webhooks.Interfaces\SKSGroupF.SKS.Package.Webhooks.Interfaces.csproj", "{F1E18D51-A962-489B-80B7-9DAEFBE7BA7C}"
EndProject
Project("{FAE04EC0-301F-11D3-BF4B-00C04F79EFBC}") = "SKSGroupF.SKS.Package.Webhooks.Tests", "src\Webhooks\SKSGroupF.SKS.Package.Webhooks.Tests\SKSGroupF.SKS.Package.Webhooks.Tests.csproj", "{FECFFBF8-C6CE-4A47-B50B-E859CF367312}"
EndProject
Global
	GlobalSection(SolutionConfigurationPlatforms) = preSolution
		Debug|Any CPU = Debug|Any CPU
		Release|Any CPU = Release|Any CPU
	EndGlobalSection
	GlobalSection(ProjectConfigurationPlatforms) = postSolution
		{F5552B0C-D9DA-466D-A033-ABA1CE0F6C41}.Debug|Any CPU.ActiveCfg = Debug|Any CPU
		{F5552B0C-D9DA-466D-A033-ABA1CE0F6C41}.Debug|Any CPU.Build.0 = Debug|Any CPU
		{F5552B0C-D9DA-466D-A033-ABA1CE0F6C41}.Release|Any CPU.ActiveCfg = Release|Any CPU
		{F5552B0C-D9DA-466D-A033-ABA1CE0F6C41}.Release|Any CPU.Build.0 = Release|Any CPU
		{BAFFA69F-E20C-4B56-BFF8-EE5FA0C4EC69}.Debug|Any CPU.ActiveCfg = Debug|Any CPU
		{BAFFA69F-E20C-4B56-BFF8-EE5FA0C4EC69}.Debug|Any CPU.Build.0 = Debug|Any CPU
		{BAFFA69F-E20C-4B56-BFF8-EE5FA0C4EC69}.Release|Any CPU.ActiveCfg = Release|Any CPU
		{BAFFA69F-E20C-4B56-BFF8-EE5FA0C4EC69}.Release|Any CPU.Build.0 = Release|Any CPU
		{CA6AE04B-2A4A-4186-8D53-8F715B1F596D}.Debug|Any CPU.ActiveCfg = Debug|Any CPU
		{CA6AE04B-2A4A-4186-8D53-8F715B1F596D}.Debug|Any CPU.Build.0 = Debug|Any CPU
		{CA6AE04B-2A4A-4186-8D53-8F715B1F596D}.Release|Any CPU.ActiveCfg = Release|Any CPU
		{CA6AE04B-2A4A-4186-8D53-8F715B1F596D}.Release|Any CPU.Build.0 = Release|Any CPU
		{566DC28D-42A5-4757-802B-DF2B85A6D4AC}.Debug|Any CPU.ActiveCfg = Debug|Any CPU
		{566DC28D-42A5-4757-802B-DF2B85A6D4AC}.Debug|Any CPU.Build.0 = Debug|Any CPU
		{566DC28D-42A5-4757-802B-DF2B85A6D4AC}.Release|Any CPU.ActiveCfg = Release|Any CPU
		{566DC28D-42A5-4757-802B-DF2B85A6D4AC}.Release|Any CPU.Build.0 = Release|Any CPU
		{F915DA1E-2EA4-4DE4-846A-26E3B02B0E26}.Debug|Any CPU.ActiveCfg = Debug|Any CPU
		{F915DA1E-2EA4-4DE4-846A-26E3B02B0E26}.Debug|Any CPU.Build.0 = Debug|Any CPU
		{F915DA1E-2EA4-4DE4-846A-26E3B02B0E26}.Release|Any CPU.ActiveCfg = Release|Any CPU
		{F915DA1E-2EA4-4DE4-846A-26E3B02B0E26}.Release|Any CPU.Build.0 = Release|Any CPU
		{A942E8F6-C12E-4EB9-9C16-24F72044B6F8}.Debug|Any CPU.ActiveCfg = Debug|Any CPU
		{A942E8F6-C12E-4EB9-9C16-24F72044B6F8}.Debug|Any CPU.Build.0 = Debug|Any CPU
		{A942E8F6-C12E-4EB9-9C16-24F72044B6F8}.Release|Any CPU.ActiveCfg = Release|Any CPU
		{A942E8F6-C12E-4EB9-9C16-24F72044B6F8}.Release|Any CPU.Build.0 = Release|Any CPU
		{22E37E9F-F46F-4DFE-A4E7-AF18C01CC092}.Debug|Any CPU.ActiveCfg = Debug|Any CPU
		{22E37E9F-F46F-4DFE-A4E7-AF18C01CC092}.Debug|Any CPU.Build.0 = Debug|Any CPU
		{22E37E9F-F46F-4DFE-A4E7-AF18C01CC092}.Release|Any CPU.ActiveCfg = Release|Any CPU
		{22E37E9F-F46F-4DFE-A4E7-AF18C01CC092}.Release|Any CPU.Build.0 = Release|Any CPU
		{5F95774B-C058-4FBF-B99E-8744D75EBD35}.Debug|Any CPU.ActiveCfg = Debug|Any CPU
		{5F95774B-C058-4FBF-B99E-8744D75EBD35}.Debug|Any CPU.Build.0 = Debug|Any CPU
		{5F95774B-C058-4FBF-B99E-8744D75EBD35}.Release|Any CPU.ActiveCfg = Release|Any CPU
		{5F95774B-C058-4FBF-B99E-8744D75EBD35}.Release|Any CPU.Build.0 = Release|Any CPU
		{E1D00A01-2A00-46C0-88B4-DA2CA3516128}.Debug|Any CPU.ActiveCfg = Debug|Any CPU
		{E1D00A01-2A00-46C0-88B4-DA2CA3516128}.Debug|Any CPU.Build.0 = Debug|Any CPU
		{E1D00A01-2A00-46C0-88B4-DA2CA3516128}.Release|Any CPU.ActiveCfg = Release|Any CPU
		{E1D00A01-2A00-46C0-88B4-DA2CA3516128}.Release|Any CPU.Build.0 = Release|Any CPU
		{AF0BE1C8-3A76-49A7-B53E-7FFC1F72AE36}.Debug|Any CPU.ActiveCfg = Debug|Any CPU
		{AF0BE1C8-3A76-49A7-B53E-7FFC1F72AE36}.Debug|Any CPU.Build.0 = Debug|Any CPU
		{AF0BE1C8-3A76-49A7-B53E-7FFC1F72AE36}.Release|Any CPU.ActiveCfg = Release|Any CPU
		{AF0BE1C8-3A76-49A7-B53E-7FFC1F72AE36}.Release|Any CPU.Build.0 = Release|Any CPU
		{FD0B9371-BDC5-4EF9-BE66-03963084F431}.Debug|Any CPU.ActiveCfg = Debug|Any CPU
		{FD0B9371-BDC5-4EF9-BE66-03963084F431}.Debug|Any CPU.Build.0 = Debug|Any CPU
		{FD0B9371-BDC5-4EF9-BE66-03963084F431}.Release|Any CPU.ActiveCfg = Release|Any CPU
		{FD0B9371-BDC5-4EF9-BE66-03963084F431}.Release|Any CPU.Build.0 = Release|Any CPU
		{6D156DF6-B24E-432B-937B-9BE268D7D9B0}.Debug|Any CPU.ActiveCfg = Debug|Any CPU
		{6D156DF6-B24E-432B-937B-9BE268D7D9B0}.Debug|Any CPU.Build.0 = Debug|Any CPU
		{6D156DF6-B24E-432B-937B-9BE268D7D9B0}.Release|Any CPU.ActiveCfg = Release|Any CPU
		{6D156DF6-B24E-432B-937B-9BE268D7D9B0}.Release|Any CPU.Build.0 = Release|Any CPU
		{C858E52D-A600-4342-9877-4B6EB6DAAD30}.Debug|Any CPU.ActiveCfg = Debug|Any CPU
		{C858E52D-A600-4342-9877-4B6EB6DAAD30}.Debug|Any CPU.Build.0 = Debug|Any CPU
		{C858E52D-A600-4342-9877-4B6EB6DAAD30}.Release|Any CPU.ActiveCfg = Release|Any CPU
		{C858E52D-A600-4342-9877-4B6EB6DAAD30}.Release|Any CPU.Build.0 = Release|Any CPU
		{D2DC3B66-3F2B-41A8-A5C7-8C385F3EB00A}.Debug|Any CPU.ActiveCfg = Debug|Any CPU
		{D2DC3B66-3F2B-41A8-A5C7-8C385F3EB00A}.Debug|Any CPU.Build.0 = Debug|Any CPU
		{D2DC3B66-3F2B-41A8-A5C7-8C385F3EB00A}.Release|Any CPU.ActiveCfg = Release|Any CPU
		{D2DC3B66-3F2B-41A8-A5C7-8C385F3EB00A}.Release|Any CPU.Build.0 = Release|Any CPU
		{C3FCF20B-2F9A-47A5-A5D8-0329C71B3A20}.Debug|Any CPU.ActiveCfg = Debug|Any CPU
		{C3FCF20B-2F9A-47A5-A5D8-0329C71B3A20}.Debug|Any CPU.Build.0 = Debug|Any CPU
		{C3FCF20B-2F9A-47A5-A5D8-0329C71B3A20}.Release|Any CPU.ActiveCfg = Release|Any CPU
		{C3FCF20B-2F9A-47A5-A5D8-0329C71B3A20}.Release|Any CPU.Build.0 = Release|Any CPU
		{90186B8A-140B-4C8F-9DB1-7D5C2AF0E0B3}.Debug|Any CPU.ActiveCfg = Debug|Any CPU
		{90186B8A-140B-4C8F-9DB1-7D5C2AF0E0B3}.Debug|Any CPU.Build.0 = Debug|Any CPU
		{90186B8A-140B-4C8F-9DB1-7D5C2AF0E0B3}.Release|Any CPU.ActiveCfg = Release|Any CPU
		{90186B8A-140B-4C8F-9DB1-7D5C2AF0E0B3}.Release|Any CPU.Build.0 = Release|Any CPU
		{4AE4CC8A-F2F0-4B3F-8334-DA67E603D4F5}.Debug|Any CPU.ActiveCfg = Debug|Any CPU
		{4AE4CC8A-F2F0-4B3F-8334-DA67E603D4F5}.Debug|Any CPU.Build.0 = Debug|Any CPU
		{4AE4CC8A-F2F0-4B3F-8334-DA67E603D4F5}.Release|Any CPU.ActiveCfg = Release|Any CPU
		{4AE4CC8A-F2F0-4B3F-8334-DA67E603D4F5}.Release|Any CPU.Build.0 = Release|Any CPU
		{F1E18D51-A962-489B-80B7-9DAEFBE7BA7C}.Debug|Any CPU.ActiveCfg = Debug|Any CPU
		{F1E18D51-A962-489B-80B7-9DAEFBE7BA7C}.Debug|Any CPU.Build.0 = Debug|Any CPU
		{F1E18D51-A962-489B-80B7-9DAEFBE7BA7C}.Release|Any CPU.ActiveCfg = Release|Any CPU
		{F1E18D51-A962-489B-80B7-9DAEFBE7BA7C}.Release|Any CPU.Build.0 = Release|Any CPU
		{FECFFBF8-C6CE-4A47-B50B-E859CF367312}.Debug|Any CPU.ActiveCfg = Debug|Any CPU
		{FECFFBF8-C6CE-4A47-B50B-E859CF367312}.Debug|Any CPU.Build.0 = Debug|Any CPU
		{FECFFBF8-C6CE-4A47-B50B-E859CF367312}.Release|Any CPU.ActiveCfg = Release|Any CPU
		{FECFFBF8-C6CE-4A47-B50B-E859CF367312}.Release|Any CPU.Build.0 = Release|Any CPU
	EndGlobalSection
	GlobalSection(SolutionProperties) = preSolution
		HideSolutionNode = FALSE
	EndGlobalSection
	GlobalSection(NestedProjects) = preSolution
		{F5552B0C-D9DA-466D-A033-ABA1CE0F6C41} = {8DDCD2AF-E5B1-4FB2-B3D1-FB1F86EBD24D}
		{BAFFA69F-E20C-4B56-BFF8-EE5FA0C4EC69} = {8DDCD2AF-E5B1-4FB2-B3D1-FB1F86EBD24D}
		{CA6AE04B-2A4A-4186-8D53-8F715B1F596D} = {8DDCD2AF-E5B1-4FB2-B3D1-FB1F86EBD24D}
		{566DC28D-42A5-4757-802B-DF2B85A6D4AC} = {8DDCD2AF-E5B1-4FB2-B3D1-FB1F86EBD24D}
		{F915DA1E-2EA4-4DE4-846A-26E3B02B0E26} = {53629DDB-AFC1-4332-AB26-C01D30095285}
		{A942E8F6-C12E-4EB9-9C16-24F72044B6F8} = {53629DDB-AFC1-4332-AB26-C01D30095285}
		{22E37E9F-F46F-4DFE-A4E7-AF18C01CC092} = {53629DDB-AFC1-4332-AB26-C01D30095285}
		{5F95774B-C058-4FBF-B99E-8744D75EBD35} = {53629DDB-AFC1-4332-AB26-C01D30095285}
		{E1D00A01-2A00-46C0-88B4-DA2CA3516128} = {FCDB8024-582C-4971-B86B-FAA79E68191F}
		{AF0BE1C8-3A76-49A7-B53E-7FFC1F72AE36} = {FCDB8024-582C-4971-B86B-FAA79E68191F}
		{FD0B9371-BDC5-4EF9-BE66-03963084F431} = {FCDB8024-582C-4971-B86B-FAA79E68191F}
		{6D156DF6-B24E-432B-937B-9BE268D7D9B0} = {FCDB8024-582C-4971-B86B-FAA79E68191F}
		{C858E52D-A600-4342-9877-4B6EB6DAAD30} = {E7638345-AD51-4E85-B022-599F410F3FC2}
		{D2DC3B66-3F2B-41A8-A5C7-8C385F3EB00A} = {E7638345-AD51-4E85-B022-599F410F3FC2}
		{C3FCF20B-2F9A-47A5-A5D8-0329C71B3A20} = {E7638345-AD51-4E85-B022-599F410F3FC2}
		{90186B8A-140B-4C8F-9DB1-7D5C2AF0E0B3} = {E7638345-AD51-4E85-B022-599F410F3FC2}
		{4AE4CC8A-F2F0-4B3F-8334-DA67E603D4F5} = {65CC5B0A-D776-4A15-B94E-58BA1FC3C112}
		{F1E18D51-A962-489B-80B7-9DAEFBE7BA7C} = {65CC5B0A-D776-4A15-B94E-58BA1FC3C112}
		{FECFFBF8-C6CE-4A47-B50B-E859CF367312} = {65CC5B0A-D776-4A15-B94E-58BA1FC3C112}
	EndGlobalSection
	GlobalSection(ExtensibilityGlobals) = postSolution
		SolutionGuid = {9BCF6F00-7697-4143-B112-753A6B8C604A}
	EndGlobalSection
EndGlobal
